// !$*UTF8*$!
{
	archiveVersion = 1;
	classes = {
	};
	objectVersion = 52;
	objects = {

/* Begin PBXBuildFile section */
		1D006667255DB951003FB72D /* VideosResponse.swift in Sources */ = {isa = PBXBuildFile; fileRef = 1D006662255DB94F003FB72D /* VideosResponse.swift */; };
		1D006668255DB951003FB72D /* SearchResult.swift in Sources */ = {isa = PBXBuildFile; fileRef = 1D006663255DB950003FB72D /* SearchResult.swift */; };
		1D006669255DB951003FB72D /* CastResponse.swift in Sources */ = {isa = PBXBuildFile; fileRef = 1D006664255DB950003FB72D /* CastResponse.swift */; };
		1D00666A255DB951003FB72D /* GenreList.swift in Sources */ = {isa = PBXBuildFile; fileRef = 1D006665255DB950003FB72D /* GenreList.swift */; };
		1D00666B255DB951003FB72D /* CreditsResponse.swift in Sources */ = {isa = PBXBuildFile; fileRef = 1D006666255DB951003FB72D /* CreditsResponse.swift */; };
		1D4AB8A5255DB7A50079F738 /* AppDelegate.swift in Sources */ = {isa = PBXBuildFile; fileRef = 1D4AB8A4255DB7A50079F738 /* AppDelegate.swift */; };
		1D4AB8A7255DB7A50079F738 /* SceneDelegate.swift in Sources */ = {isa = PBXBuildFile; fileRef = 1D4AB8A6255DB7A50079F738 /* SceneDelegate.swift */; };
		1D4AB8A9255DB7A50079F738 /* ContentView.swift in Sources */ = {isa = PBXBuildFile; fileRef = 1D4AB8A8255DB7A50079F738 /* ContentView.swift */; };
		1D4AB8AB255DB7A80079F738 /* Assets.xcassets in Resources */ = {isa = PBXBuildFile; fileRef = 1D4AB8AA255DB7A80079F738 /* Assets.xcassets */; };
		1D4AB8AE255DB7A80079F738 /* Preview Assets.xcassets in Resources */ = {isa = PBXBuildFile; fileRef = 1D4AB8AD255DB7A80079F738 /* Preview Assets.xcassets */; };
		1D4AB8B1255DB7A80079F738 /* LaunchScreen.storyboard in Resources */ = {isa = PBXBuildFile; fileRef = 1D4AB8AF255DB7A80079F738 /* LaunchScreen.storyboard */; };
		1D4AB8BC255DB7A80079F738 /* YSMovieAppTests.swift in Sources */ = {isa = PBXBuildFile; fileRef = 1D4AB8BB255DB7A80079F738 /* YSMovieAppTests.swift */; };
		1D4AB8C7255DB7A80079F738 /* YSMovieAppUITests.swift in Sources */ = {isa = PBXBuildFile; fileRef = 1D4AB8C6255DB7A80079F738 /* YSMovieAppUITests.swift */; };
		1D4AB8D9255DB7D40079F738 /* SearchBar.swift in Sources */ = {isa = PBXBuildFile; fileRef = 1D4AB8D8255DB7D40079F738 /* SearchBar.swift */; };
		1D4AB8E1255DB7E40079F738 /* YoutubePlayer.swift in Sources */ = {isa = PBXBuildFile; fileRef = 1D4AB8E0255DB7E40079F738 /* YoutubePlayer.swift */; };
		1D4AB8E6255DB7E80079F738 /* YoutubeView.swift in Sources */ = {isa = PBXBuildFile; fileRef = 1D4AB8E5255DB7E80079F738 /* YoutubeView.swift */; };
		1D4AB8EB255DB7EB0079F738 /* YTPlayer.html in Resources */ = {isa = PBXBuildFile; fileRef = 1D4AB8EA255DB7EB0079F738 /* YTPlayer.html */; };
		1D4AB8F1255DB8020079F738 /* MoviesViewModel.swift in Sources */ = {isa = PBXBuildFile; fileRef = 1D4AB8F0255DB8020079F738 /* MoviesViewModel.swift */; };
		1D4AB8FA255DB82A0079F738 /* StringExtensions.swift in Sources */ = {isa = PBXBuildFile; fileRef = 1D4AB8F9255DB82A0079F738 /* StringExtensions.swift */; };
		1D4AB903255DB84D0079F738 /* PopularMoviewView.swift in Sources */ = {isa = PBXBuildFile; fileRef = 1D4AB902255DB84D0079F738 /* PopularMoviewView.swift */; };
		1D4AB90B255DB86A0079F738 /* MovieGridView.swift in Sources */ = {isa = PBXBuildFile; fileRef = 1D4AB90A255DB86A0079F738 /* MovieGridView.swift */; };
		1D4AB910255DB8920079F738 /* ResultRowView.swift in Sources */ = {isa = PBXBuildFile; fileRef = 1D4AB90F255DB8920079F738 /* ResultRowView.swift */; };
		1D4AB915255DB8A90079F738 /* CastRowView.swift in Sources */ = {isa = PBXBuildFile; fileRef = 1D4AB914255DB8A90079F738 /* CastRowView.swift */; };
		1D4AB91A255DB8D00079F738 /* MoviewDetailView.swift in Sources */ = {isa = PBXBuildFile; fileRef = 1D4AB919255DB8D00079F738 /* MoviewDetailView.swift */; };
		1D4AB91F255DB8E00079F738 /* PersonDetailView.swift in Sources */ = {isa = PBXBuildFile; fileRef = 1D4AB91E255DB8E00079F738 /* PersonDetailView.swift */; };
		1D4AB925255DB8F90079F738 /* DataExecuter.swift in Sources */ = {isa = PBXBuildFile; fileRef = 1D4AB924255DB8F90079F738 /* DataExecuter.swift */; };
		1D4AB92D255DB90D0079F738 /* DataExecuterConstants.swift in Sources */ = {isa = PBXBuildFile; fileRef = 1D4AB92C255DB90D0079F738 /* DataExecuterConstants.swift */; };
		1D4AB939255DB9830079F738 /* ServiceStates.swift in Sources */ = {isa = PBXBuildFile; fileRef = 1D4AB938255DB9830079F738 /* ServiceStates.swift */; };
		1D4AB93E255DB9920079F738 /* BaseResponse.swift in Sources */ = {isa = PBXBuildFile; fileRef = 1D4AB93D255DB9920079F738 /* BaseResponse.swift */; };
		1D4AB943255DB9A00079F738 /* Movie.swift in Sources */ = {isa = PBXBuildFile; fileRef = 1D4AB942255DB9A00079F738 /* Movie.swift */; };
		1D4AB948255DB9AA0079F738 /* MovieResponse.swift in Sources */ = {isa = PBXBuildFile; fileRef = 1D4AB947255DB9AA0079F738 /* MovieResponse.swift */; };
		1D4AB94E255DBA390079F738 /* SDWebImageSwiftUI in Frameworks */ = {isa = PBXBuildFile; productRef = 1D4AB94D255DBA390079F738 /* SDWebImageSwiftUI */; };
/* End PBXBuildFile section */

/* Begin PBXContainerItemProxy section */
		1D4AB8B8255DB7A80079F738 /* PBXContainerItemProxy */ = {
			isa = PBXContainerItemProxy;
			containerPortal = 1D4AB899255DB7A50079F738 /* Project object */;
			proxyType = 1;
			remoteGlobalIDString = 1D4AB8A0255DB7A50079F738;
			remoteInfo = YSMovieApp;
		};
		1D4AB8C3255DB7A80079F738 /* PBXContainerItemProxy */ = {
			isa = PBXContainerItemProxy;
			containerPortal = 1D4AB899255DB7A50079F738 /* Project object */;
			proxyType = 1;
			remoteGlobalIDString = 1D4AB8A0255DB7A50079F738;
			remoteInfo = YSMovieApp;
		};
/* End PBXContainerItemProxy section */

/* Begin PBXFileReference section */
		1D006662255DB94F003FB72D /* VideosResponse.swift */ = {isa = PBXFileReference; fileEncoding = 4; lastKnownFileType = sourcecode.swift; path = VideosResponse.swift; sourceTree = "<group>"; };
		1D006663255DB950003FB72D /* SearchResult.swift */ = {isa = PBXFileReference; fileEncoding = 4; lastKnownFileType = sourcecode.swift; path = SearchResult.swift; sourceTree = "<group>"; };
		1D006664255DB950003FB72D /* CastResponse.swift */ = {isa = PBXFileReference; fileEncoding = 4; lastKnownFileType = sourcecode.swift; path = CastResponse.swift; sourceTree = "<group>"; };
		1D006665255DB950003FB72D /* GenreList.swift */ = {isa = PBXFileReference; fileEncoding = 4; lastKnownFileType = sourcecode.swift; path = GenreList.swift; sourceTree = "<group>"; };
		1D006666255DB951003FB72D /* CreditsResponse.swift */ = {isa = PBXFileReference; fileEncoding = 4; lastKnownFileType = sourcecode.swift; path = CreditsResponse.swift; sourceTree = "<group>"; };
		1D4AB8A1255DB7A50079F738 /* YSMovieApp.app */ = {isa = PBXFileReference; explicitFileType = wrapper.application; includeInIndex = 0; path = YSMovieApp.app; sourceTree = BUILT_PRODUCTS_DIR; };
		1D4AB8A4255DB7A50079F738 /* AppDelegate.swift */ = {isa = PBXFileReference; lastKnownFileType = sourcecode.swift; path = AppDelegate.swift; sourceTree = "<group>"; };
		1D4AB8A6255DB7A50079F738 /* SceneDelegate.swift */ = {isa = PBXFileReference; lastKnownFileType = sourcecode.swift; path = SceneDelegate.swift; sourceTree = "<group>"; };
		1D4AB8A8255DB7A50079F738 /* ContentView.swift */ = {isa = PBXFileReference; lastKnownFileType = sourcecode.swift; path = ContentView.swift; sourceTree = "<group>"; };
		1D4AB8AA255DB7A80079F738 /* Assets.xcassets */ = {isa = PBXFileReference; lastKnownFileType = folder.assetcatalog; path = Assets.xcassets; sourceTree = "<group>"; };
		1D4AB8AD255DB7A80079F738 /* Preview Assets.xcassets */ = {isa = PBXFileReference; lastKnownFileType = folder.assetcatalog; path = "Preview Assets.xcassets"; sourceTree = "<group>"; };
		1D4AB8B0255DB7A80079F738 /* Base */ = {isa = PBXFileReference; lastKnownFileType = file.storyboard; name = Base; path = Base.lproj/LaunchScreen.storyboard; sourceTree = "<group>"; };
		1D4AB8B2255DB7A80079F738 /* Info.plist */ = {isa = PBXFileReference; lastKnownFileType = text.plist.xml; path = Info.plist; sourceTree = "<group>"; };
		1D4AB8B7255DB7A80079F738 /* YSMovieAppTests.xctest */ = {isa = PBXFileReference; explicitFileType = wrapper.cfbundle; includeInIndex = 0; path = YSMovieAppTests.xctest; sourceTree = BUILT_PRODUCTS_DIR; };
		1D4AB8BB255DB7A80079F738 /* YSMovieAppTests.swift */ = {isa = PBXFileReference; lastKnownFileType = sourcecode.swift; path = YSMovieAppTests.swift; sourceTree = "<group>"; };
		1D4AB8BD255DB7A80079F738 /* Info.plist */ = {isa = PBXFileReference; lastKnownFileType = text.plist.xml; path = Info.plist; sourceTree = "<group>"; };
		1D4AB8C2255DB7A80079F738 /* YSMovieAppUITests.xctest */ = {isa = PBXFileReference; explicitFileType = wrapper.cfbundle; includeInIndex = 0; path = YSMovieAppUITests.xctest; sourceTree = BUILT_PRODUCTS_DIR; };
		1D4AB8C6255DB7A80079F738 /* YSMovieAppUITests.swift */ = {isa = PBXFileReference; lastKnownFileType = sourcecode.swift; path = YSMovieAppUITests.swift; sourceTree = "<group>"; };
		1D4AB8C8255DB7A80079F738 /* Info.plist */ = {isa = PBXFileReference; lastKnownFileType = text.plist.xml; path = Info.plist; sourceTree = "<group>"; };
		1D4AB8D8255DB7D40079F738 /* SearchBar.swift */ = {isa = PBXFileReference; lastKnownFileType = sourcecode.swift; path = SearchBar.swift; sourceTree = "<group>"; };
		1D4AB8E0255DB7E40079F738 /* YoutubePlayer.swift */ = {isa = PBXFileReference; fileEncoding = 4; lastKnownFileType = sourcecode.swift; path = YoutubePlayer.swift; sourceTree = "<group>"; };
		1D4AB8E5255DB7E80079F738 /* YoutubeView.swift */ = {isa = PBXFileReference; fileEncoding = 4; lastKnownFileType = sourcecode.swift; path = YoutubeView.swift; sourceTree = "<group>"; };
		1D4AB8EA255DB7EB0079F738 /* YTPlayer.html */ = {isa = PBXFileReference; fileEncoding = 4; lastKnownFileType = text.html; path = YTPlayer.html; sourceTree = "<group>"; };
		1D4AB8F0255DB8020079F738 /* MoviesViewModel.swift */ = {isa = PBXFileReference; lastKnownFileType = sourcecode.swift; path = MoviesViewModel.swift; sourceTree = "<group>"; };
		1D4AB8F9255DB82A0079F738 /* StringExtensions.swift */ = {isa = PBXFileReference; lastKnownFileType = sourcecode.swift; path = StringExtensions.swift; sourceTree = "<group>"; };
		1D4AB902255DB84D0079F738 /* PopularMoviewView.swift */ = {isa = PBXFileReference; lastKnownFileType = sourcecode.swift; path = PopularMoviewView.swift; sourceTree = "<group>"; };
		1D4AB90A255DB86A0079F738 /* MovieGridView.swift */ = {isa = PBXFileReference; lastKnownFileType = sourcecode.swift; path = MovieGridView.swift; sourceTree = "<group>"; };
		1D4AB90F255DB8920079F738 /* ResultRowView.swift */ = {isa = PBXFileReference; lastKnownFileType = sourcecode.swift; path = ResultRowView.swift; sourceTree = "<group>"; };
		1D4AB914255DB8A90079F738 /* CastRowView.swift */ = {isa = PBXFileReference; lastKnownFileType = sourcecode.swift; path = CastRowView.swift; sourceTree = "<group>"; };
		1D4AB919255DB8D00079F738 /* MoviewDetailView.swift */ = {isa = PBXFileReference; lastKnownFileType = sourcecode.swift; path = MoviewDetailView.swift; sourceTree = "<group>"; };
		1D4AB91E255DB8E00079F738 /* PersonDetailView.swift */ = {isa = PBXFileReference; lastKnownFileType = sourcecode.swift; path = PersonDetailView.swift; sourceTree = "<group>"; };
		1D4AB924255DB8F90079F738 /* DataExecuter.swift */ = {isa = PBXFileReference; lastKnownFileType = sourcecode.swift; path = DataExecuter.swift; sourceTree = "<group>"; };
		1D4AB92C255DB90D0079F738 /* DataExecuterConstants.swift */ = {isa = PBXFileReference; lastKnownFileType = sourcecode.swift; path = DataExecuterConstants.swift; sourceTree = "<group>"; };
		1D4AB938255DB9830079F738 /* ServiceStates.swift */ = {isa = PBXFileReference; lastKnownFileType = sourcecode.swift; path = ServiceStates.swift; sourceTree = "<group>"; };
		1D4AB93D255DB9920079F738 /* BaseResponse.swift */ = {isa = PBXFileReference; lastKnownFileType = sourcecode.swift; path = BaseResponse.swift; sourceTree = "<group>"; };
		1D4AB942255DB9A00079F738 /* Movie.swift */ = {isa = PBXFileReference; lastKnownFileType = sourcecode.swift; path = Movie.swift; sourceTree = "<group>"; };
		1D4AB947255DB9AA0079F738 /* MovieResponse.swift */ = {isa = PBXFileReference; lastKnownFileType = sourcecode.swift; path = MovieResponse.swift; sourceTree = "<group>"; };
/* End PBXFileReference section */

/* Begin PBXFrameworksBuildPhase section */
		1D4AB89E255DB7A50079F738 /* Frameworks */ = {
			isa = PBXFrameworksBuildPhase;
			buildActionMask = 2147483647;
			files = (
				1D4AB94E255DBA390079F738 /* SDWebImageSwiftUI in Frameworks */,
			);
			runOnlyForDeploymentPostprocessing = 0;
		};
		1D4AB8B4255DB7A80079F738 /* Frameworks */ = {
			isa = PBXFrameworksBuildPhase;
			buildActionMask = 2147483647;
			files = (
			);
			runOnlyForDeploymentPostprocessing = 0;
		};
		1D4AB8BF255DB7A80079F738 /* Frameworks */ = {
			isa = PBXFrameworksBuildPhase;
			buildActionMask = 2147483647;
			files = (
			);
			runOnlyForDeploymentPostprocessing = 0;
		};
/* End PBXFrameworksBuildPhase section */

/* Begin PBXGroup section */
		1D4AB898255DB7A50079F738 = {
			isa = PBXGroup;
			children = (
				1D4AB8A3255DB7A50079F738 /* YSMovieApp */,
				1D4AB8BA255DB7A80079F738 /* YSMovieAppTests */,
				1D4AB8C5255DB7A80079F738 /* YSMovieAppUITests */,
				1D4AB8A2255DB7A50079F738 /* Products */,
			);
			sourceTree = "<group>";
		};
		1D4AB8A2255DB7A50079F738 /* Products */ = {
			isa = PBXGroup;
			children = (
				1D4AB8A1255DB7A50079F738 /* YSMovieApp.app */,
				1D4AB8B7255DB7A80079F738 /* YSMovieAppTests.xctest */,
				1D4AB8C2255DB7A80079F738 /* YSMovieAppUITests.xctest */,
			);
			name = Products;
			sourceTree = "<group>";
		};
		1D4AB8A3255DB7A50079F738 /* YSMovieApp */ = {
			isa = PBXGroup;
			children = (
				1D4AB931255DB9290079F738 /* Models */,
				1D4AB923255DB8EA0079F738 /* Service */,
				1D4AB901255DB83E0079F738 /* Views */,
				1D4AB8F8255DB8150079F738 /* Extensions */,
				1D4AB8EF255DB7EF0079F738 /* ViewModels */,
				1D4AB8D7255DB7C60079F738 /* UIKit */,
				1D4AB8A4255DB7A50079F738 /* AppDelegate.swift */,
				1D4AB8A6255DB7A50079F738 /* SceneDelegate.swift */,
				1D4AB8A8255DB7A50079F738 /* ContentView.swift */,
				1D4AB8AA255DB7A80079F738 /* Assets.xcassets */,
				1D4AB8AF255DB7A80079F738 /* LaunchScreen.storyboard */,
				1D4AB8B2255DB7A80079F738 /* Info.plist */,
				1D4AB8AC255DB7A80079F738 /* Preview Content */,
			);
			path = YSMovieApp;
			sourceTree = "<group>";
		};
		1D4AB8AC255DB7A80079F738 /* Preview Content */ = {
			isa = PBXGroup;
			children = (
				1D4AB8AD255DB7A80079F738 /* Preview Assets.xcassets */,
			);
			path = "Preview Content";
			sourceTree = "<group>";
		};
		1D4AB8BA255DB7A80079F738 /* YSMovieAppTests */ = {
			isa = PBXGroup;
			children = (
				1D4AB8BB255DB7A80079F738 /* YSMovieAppTests.swift */,
				1D4AB8BD255DB7A80079F738 /* Info.plist */,
			);
			path = YSMovieAppTests;
			sourceTree = "<group>";
		};
		1D4AB8C5255DB7A80079F738 /* YSMovieAppUITests */ = {
			isa = PBXGroup;
			children = (
				1D4AB8C6255DB7A80079F738 /* YSMovieAppUITests.swift */,
				1D4AB8C8255DB7A80079F738 /* Info.plist */,
			);
			path = YSMovieAppUITests;
			sourceTree = "<group>";
		};
		1D4AB8D7255DB7C60079F738 /* UIKit */ = {
			isa = PBXGroup;
			children = (
				1D4AB8EA255DB7EB0079F738 /* YTPlayer.html */,
				1D4AB8E5255DB7E80079F738 /* YoutubeView.swift */,
				1D4AB8E0255DB7E40079F738 /* YoutubePlayer.swift */,
				1D4AB8D8255DB7D40079F738 /* SearchBar.swift */,
			);
			path = UIKit;
			sourceTree = "<group>";
		};
		1D4AB8EF255DB7EF0079F738 /* ViewModels */ = {
			isa = PBXGroup;
			children = (
				1D4AB8F0255DB8020079F738 /* MoviesViewModel.swift */,
			);
			path = ViewModels;
			sourceTree = "<group>";
		};
		1D4AB8F8255DB8150079F738 /* Extensions */ = {
			isa = PBXGroup;
			children = (
				1D4AB8F9255DB82A0079F738 /* StringExtensions.swift */,
			);
			path = Extensions;
			sourceTree = "<group>";
		};
		1D4AB901255DB83E0079F738 /* Views */ = {
			isa = PBXGroup;
			children = (
				1D4AB902255DB84D0079F738 /* PopularMoviewView.swift */,
				1D4AB90A255DB86A0079F738 /* MovieGridView.swift */,
				1D4AB90F255DB8920079F738 /* ResultRowView.swift */,
				1D4AB914255DB8A90079F738 /* CastRowView.swift */,
				1D4AB919255DB8D00079F738 /* MoviewDetailView.swift */,
				1D4AB91E255DB8E00079F738 /* PersonDetailView.swift */,
			);
			path = Views;
			sourceTree = "<group>";
		};
		1D4AB923255DB8EA0079F738 /* Service */ = {
			isa = PBXGroup;
			children = (
				1D4AB924255DB8F90079F738 /* DataExecuter.swift */,
				1D4AB92C255DB90D0079F738 /* DataExecuterConstants.swift */,
			);
			path = Service;
			sourceTree = "<group>";
		};
		1D4AB931255DB9290079F738 /* Models */ = {
			isa = PBXGroup;
			children = (
				1D006664255DB950003FB72D /* CastResponse.swift */,
				1D006666255DB951003FB72D /* CreditsResponse.swift */,
				1D006665255DB950003FB72D /* GenreList.swift */,
				1D006663255DB950003FB72D /* SearchResult.swift */,
				1D006662255DB94F003FB72D /* VideosResponse.swift */,
				1D4AB938255DB9830079F738 /* ServiceStates.swift */,
				1D4AB93D255DB9920079F738 /* BaseResponse.swift */,
				1D4AB942255DB9A00079F738 /* Movie.swift */,
				1D4AB947255DB9AA0079F738 /* MovieResponse.swift */,
			);
			path = Models;
			sourceTree = "<group>";
		};
/* End PBXGroup section */

/* Begin PBXNativeTarget section */
		1D4AB8A0255DB7A50079F738 /* YSMovieApp */ = {
			isa = PBXNativeTarget;
			buildConfigurationList = 1D4AB8CB255DB7A80079F738 /* Build configuration list for PBXNativeTarget "YSMovieApp" */;
			buildPhases = (
				1D4AB89D255DB7A50079F738 /* Sources */,
				1D4AB89E255DB7A50079F738 /* Frameworks */,
				1D4AB89F255DB7A50079F738 /* Resources */,
			);
			buildRules = (
			);
			dependencies = (
			);
			name = YSMovieApp;
			packageProductDependencies = (
				1D4AB94D255DBA390079F738 /* SDWebImageSwiftUI */,
			);
			productName = YSMovieApp;
			productReference = 1D4AB8A1255DB7A50079F738 /* YSMovieApp.app */;
			productType = "com.apple.product-type.application";
		};
		1D4AB8B6255DB7A80079F738 /* YSMovieAppTests */ = {
			isa = PBXNativeTarget;
			buildConfigurationList = 1D4AB8CE255DB7A80079F738 /* Build configuration list for PBXNativeTarget "YSMovieAppTests" */;
			buildPhases = (
				1D4AB8B3255DB7A80079F738 /* Sources */,
				1D4AB8B4255DB7A80079F738 /* Frameworks */,
				1D4AB8B5255DB7A80079F738 /* Resources */,
			);
			buildRules = (
			);
			dependencies = (
				1D4AB8B9255DB7A80079F738 /* PBXTargetDependency */,
			);
			name = YSMovieAppTests;
			productName = YSMovieAppTests;
			productReference = 1D4AB8B7255DB7A80079F738 /* YSMovieAppTests.xctest */;
			productType = "com.apple.product-type.bundle.unit-test";
		};
		1D4AB8C1255DB7A80079F738 /* YSMovieAppUITests */ = {
			isa = PBXNativeTarget;
			buildConfigurationList = 1D4AB8D1255DB7A80079F738 /* Build configuration list for PBXNativeTarget "YSMovieAppUITests" */;
			buildPhases = (
				1D4AB8BE255DB7A80079F738 /* Sources */,
				1D4AB8BF255DB7A80079F738 /* Frameworks */,
				1D4AB8C0255DB7A80079F738 /* Resources */,
			);
			buildRules = (
			);
			dependencies = (
				1D4AB8C4255DB7A80079F738 /* PBXTargetDependency */,
			);
			name = YSMovieAppUITests;
			productName = YSMovieAppUITests;
			productReference = 1D4AB8C2255DB7A80079F738 /* YSMovieAppUITests.xctest */;
			productType = "com.apple.product-type.bundle.ui-testing";
		};
/* End PBXNativeTarget section */

/* Begin PBXProject section */
		1D4AB899255DB7A50079F738 /* Project object */ = {
			isa = PBXProject;
			attributes = {
				LastSwiftUpdateCheck = 1210;
				LastUpgradeCheck = 1210;
				TargetAttributes = {
					1D4AB8A0255DB7A50079F738 = {
						CreatedOnToolsVersion = 12.1;
					};
					1D4AB8B6255DB7A80079F738 = {
						CreatedOnToolsVersion = 12.1;
						TestTargetID = 1D4AB8A0255DB7A50079F738;
					};
					1D4AB8C1255DB7A80079F738 = {
						CreatedOnToolsVersion = 12.1;
						TestTargetID = 1D4AB8A0255DB7A50079F738;
					};
				};
			};
			buildConfigurationList = 1D4AB89C255DB7A50079F738 /* Build configuration list for PBXProject "YSMovieApp" */;
			compatibilityVersion = "Xcode 9.3";
			developmentRegion = en;
			hasScannedForEncodings = 0;
			knownRegions = (
				en,
				Base,
			);
			mainGroup = 1D4AB898255DB7A50079F738;
			packageReferences = (
				1D4AB94C255DBA390079F738 /* XCRemoteSwiftPackageReference "SDWebImageSwiftUI" */,
			);
			productRefGroup = 1D4AB8A2255DB7A50079F738 /* Products */;
			projectDirPath = "";
			projectRoot = "";
			targets = (
				1D4AB8A0255DB7A50079F738 /* YSMovieApp */,
				1D4AB8B6255DB7A80079F738 /* YSMovieAppTests */,
				1D4AB8C1255DB7A80079F738 /* YSMovieAppUITests */,
			);
		};
/* End PBXProject section */

/* Begin PBXResourcesBuildPhase section */
		1D4AB89F255DB7A50079F738 /* Resources */ = {
			isa = PBXResourcesBuildPhase;
			buildActionMask = 2147483647;
			files = (
				1D4AB8B1255DB7A80079F738 /* LaunchScreen.storyboard in Resources */,
				1D4AB8AE255DB7A80079F738 /* Preview Assets.xcassets in Resources */,
				1D4AB8EB255DB7EB0079F738 /* YTPlayer.html in Resources */,
				1D4AB8AB255DB7A80079F738 /* Assets.xcassets in Resources */,
			);
			runOnlyForDeploymentPostprocessing = 0;
		};
		1D4AB8B5255DB7A80079F738 /* Resources */ = {
			isa = PBXResourcesBuildPhase;
			buildActionMask = 2147483647;
			files = (
			);
			runOnlyForDeploymentPostprocessing = 0;
		};
		1D4AB8C0255DB7A80079F738 /* Resources */ = {
			isa = PBXResourcesBuildPhase;
			buildActionMask = 2147483647;
			files = (
			);
			runOnlyForDeploymentPostprocessing = 0;
		};
/* End PBXResourcesBuildPhase section */

/* Begin PBXSourcesBuildPhase section */
		1D4AB89D255DB7A50079F738 /* Sources */ = {
			isa = PBXSourcesBuildPhase;
			buildActionMask = 2147483647;
			files = (
				1D4AB910255DB8920079F738 /* ResultRowView.swift in Sources */,
				1D4AB8FA255DB82A0079F738 /* StringExtensions.swift in Sources */,
				1D4AB92D255DB90D0079F738 /* DataExecuterConstants.swift in Sources */,
				1D00666A255DB951003FB72D /* GenreList.swift in Sources */,
				1D4AB91A255DB8D00079F738 /* MoviewDetailView.swift in Sources */,
				1D4AB8E1255DB7E40079F738 /* YoutubePlayer.swift in Sources */,
				1D4AB8A5255DB7A50079F738 /* AppDelegate.swift in Sources */,
				1D4AB8D9255DB7D40079F738 /* SearchBar.swift in Sources */,
				1D4AB925255DB8F90079F738 /* DataExecuter.swift in Sources */,
				1D4AB939255DB9830079F738 /* ServiceStates.swift in Sources */,
				1D00666B255DB951003FB72D /* CreditsResponse.swift in Sources */,
				1D4AB8A7255DB7A50079F738 /* SceneDelegate.swift in Sources */,
				1D4AB90B255DB86A0079F738 /* MovieGridView.swift in Sources */,
				1D006668255DB951003FB72D /* SearchResult.swift in Sources */,
				1D4AB943255DB9A00079F738 /* Movie.swift in Sources */,
				1D006669255DB951003FB72D /* CastResponse.swift in Sources */,
				1D4AB948255DB9AA0079F738 /* MovieResponse.swift in Sources */,
				1D4AB8F1255DB8020079F738 /* MoviesViewModel.swift in Sources */,
				1D4AB903255DB84D0079F738 /* PopularMoviewView.swift in Sources */,
				1D4AB8E6255DB7E80079F738 /* YoutubeView.swift in Sources */,
				1D4AB915255DB8A90079F738 /* CastRowView.swift in Sources */,
				1D4AB91F255DB8E00079F738 /* PersonDetailView.swift in Sources */,
				1D4AB8A9255DB7A50079F738 /* ContentView.swift in Sources */,
				1D006667255DB951003FB72D /* VideosResponse.swift in Sources */,
				1D4AB93E255DB9920079F738 /* BaseResponse.swift in Sources */,
			);
			runOnlyForDeploymentPostprocessing = 0;
		};
		1D4AB8B3255DB7A80079F738 /* Sources */ = {
			isa = PBXSourcesBuildPhase;
			buildActionMask = 2147483647;
			files = (
				1D4AB8BC255DB7A80079F738 /* YSMovieAppTests.swift in Sources */,
			);
			runOnlyForDeploymentPostprocessing = 0;
		};
		1D4AB8BE255DB7A80079F738 /* Sources */ = {
			isa = PBXSourcesBuildPhase;
			buildActionMask = 2147483647;
			files = (
				1D4AB8C7255DB7A80079F738 /* YSMovieAppUITests.swift in Sources */,
			);
			runOnlyForDeploymentPostprocessing = 0;
		};
/* End PBXSourcesBuildPhase section */

/* Begin PBXTargetDependency section */
		1D4AB8B9255DB7A80079F738 /* PBXTargetDependency */ = {
			isa = PBXTargetDependency;
			target = 1D4AB8A0255DB7A50079F738 /* YSMovieApp */;
			targetProxy = 1D4AB8B8255DB7A80079F738 /* PBXContainerItemProxy */;
		};
		1D4AB8C4255DB7A80079F738 /* PBXTargetDependency */ = {
			isa = PBXTargetDependency;
			target = 1D4AB8A0255DB7A50079F738 /* YSMovieApp */;
			targetProxy = 1D4AB8C3255DB7A80079F738 /* PBXContainerItemProxy */;
		};
/* End PBXTargetDependency section */

/* Begin PBXVariantGroup section */
		1D4AB8AF255DB7A80079F738 /* LaunchScreen.storyboard */ = {
			isa = PBXVariantGroup;
			children = (
				1D4AB8B0255DB7A80079F738 /* Base */,
			);
			name = LaunchScreen.storyboard;
			sourceTree = "<group>";
		};
/* End PBXVariantGroup section */

/* Begin XCBuildConfiguration section */
		1D4AB8C9255DB7A80079F738 /* Debug */ = {
			isa = XCBuildConfiguration;
			buildSettings = {
				ALWAYS_SEARCH_USER_PATHS = NO;
				CLANG_ANALYZER_NONNULL = YES;
				CLANG_ANALYZER_NUMBER_OBJECT_CONVERSION = YES_AGGRESSIVE;
				CLANG_CXX_LANGUAGE_STANDARD = "gnu++14";
				CLANG_CXX_LIBRARY = "libc++";
				CLANG_ENABLE_MODULES = YES;
				CLANG_ENABLE_OBJC_ARC = YES;
				CLANG_ENABLE_OBJC_WEAK = YES;
				CLANG_WARN_BLOCK_CAPTURE_AUTORELEASING = YES;
				CLANG_WARN_BOOL_CONVERSION = YES;
				CLANG_WARN_COMMA = YES;
				CLANG_WARN_CONSTANT_CONVERSION = YES;
				CLANG_WARN_DEPRECATED_OBJC_IMPLEMENTATIONS = YES;
				CLANG_WARN_DIRECT_OBJC_ISA_USAGE = YES_ERROR;
				CLANG_WARN_DOCUMENTATION_COMMENTS = YES;
				CLANG_WARN_EMPTY_BODY = YES;
				CLANG_WARN_ENUM_CONVERSION = YES;
				CLANG_WARN_INFINITE_RECURSION = YES;
				CLANG_WARN_INT_CONVERSION = YES;
				CLANG_WARN_NON_LITERAL_NULL_CONVERSION = YES;
				CLANG_WARN_OBJC_IMPLICIT_RETAIN_SELF = YES;
				CLANG_WARN_OBJC_LITERAL_CONVERSION = YES;
				CLANG_WARN_OBJC_ROOT_CLASS = YES_ERROR;
				CLANG_WARN_QUOTED_INCLUDE_IN_FRAMEWORK_HEADER = YES;
				CLANG_WARN_RANGE_LOOP_ANALYSIS = YES;
				CLANG_WARN_STRICT_PROTOTYPES = YES;
				CLANG_WARN_SUSPICIOUS_MOVE = YES;
				CLANG_WARN_UNGUARDED_AVAILABILITY = YES_AGGRESSIVE;
				CLANG_WARN_UNREACHABLE_CODE = YES;
				CLANG_WARN__DUPLICATE_METHOD_MATCH = YES;
				COPY_PHASE_STRIP = NO;
				DEBUG_INFORMATION_FORMAT = dwarf;
				ENABLE_STRICT_OBJC_MSGSEND = YES;
				ENABLE_TESTABILITY = YES;
				GCC_C_LANGUAGE_STANDARD = gnu11;
				GCC_DYNAMIC_NO_PIC = NO;
				GCC_NO_COMMON_BLOCKS = YES;
				GCC_OPTIMIZATION_LEVEL = 0;
				GCC_PREPROCESSOR_DEFINITIONS = (
					"DEBUG=1",
					"$(inherited)",
				);
				GCC_WARN_64_TO_32_BIT_CONVERSION = YES;
				GCC_WARN_ABOUT_RETURN_TYPE = YES_ERROR;
				GCC_WARN_UNDECLARED_SELECTOR = YES;
				GCC_WARN_UNINITIALIZED_AUTOS = YES_AGGRESSIVE;
				GCC_WARN_UNUSED_FUNCTION = YES;
				GCC_WARN_UNUSED_VARIABLE = YES;
				IPHONEOS_DEPLOYMENT_TARGET = 14.1;
				MTL_ENABLE_DEBUG_INFO = INCLUDE_SOURCE;
				MTL_FAST_MATH = YES;
				ONLY_ACTIVE_ARCH = YES;
				SDKROOT = iphoneos;
				SWIFT_ACTIVE_COMPILATION_CONDITIONS = DEBUG;
				SWIFT_OPTIMIZATION_LEVEL = "-Onone";
			};
			name = Debug;
		};
		1D4AB8CA255DB7A80079F738 /* Release */ = {
			isa = XCBuildConfiguration;
			buildSettings = {
				ALWAYS_SEARCH_USER_PATHS = NO;
				CLANG_ANALYZER_NONNULL = YES;
				CLANG_ANALYZER_NUMBER_OBJECT_CONVERSION = YES_AGGRESSIVE;
				CLANG_CXX_LANGUAGE_STANDARD = "gnu++14";
				CLANG_CXX_LIBRARY = "libc++";
				CLANG_ENABLE_MODULES = YES;
				CLANG_ENABLE_OBJC_ARC = YES;
				CLANG_ENABLE_OBJC_WEAK = YES;
				CLANG_WARN_BLOCK_CAPTURE_AUTORELEASING = YES;
				CLANG_WARN_BOOL_CONVERSION = YES;
				CLANG_WARN_COMMA = YES;
				CLANG_WARN_CONSTANT_CONVERSION = YES;
				CLANG_WARN_DEPRECATED_OBJC_IMPLEMENTATIONS = YES;
				CLANG_WARN_DIRECT_OBJC_ISA_USAGE = YES_ERROR;
				CLANG_WARN_DOCUMENTATION_COMMENTS = YES;
				CLANG_WARN_EMPTY_BODY = YES;
				CLANG_WARN_ENUM_CONVERSION = YES;
				CLANG_WARN_INFINITE_RECURSION = YES;
				CLANG_WARN_INT_CONVERSION = YES;
				CLANG_WARN_NON_LITERAL_NULL_CONVERSION = YES;
				CLANG_WARN_OBJC_IMPLICIT_RETAIN_SELF = YES;
				CLANG_WARN_OBJC_LITERAL_CONVERSION = YES;
				CLANG_WARN_OBJC_ROOT_CLASS = YES_ERROR;
				CLANG_WARN_QUOTED_INCLUDE_IN_FRAMEWORK_HEADER = YES;
				CLANG_WARN_RANGE_LOOP_ANALYSIS = YES;
				CLANG_WARN_STRICT_PROTOTYPES = YES;
				CLANG_WARN_SUSPICIOUS_MOVE = YES;
				CLANG_WARN_UNGUARDED_AVAILABILITY = YES_AGGRESSIVE;
				CLANG_WARN_UNREACHABLE_CODE = YES;
				CLANG_WARN__DUPLICATE_METHOD_MATCH = YES;
				COPY_PHASE_STRIP = NO;
				DEBUG_INFORMATION_FORMAT = "dwarf-with-dsym";
				ENABLE_NS_ASSERTIONS = NO;
				ENABLE_STRICT_OBJC_MSGSEND = YES;
				GCC_C_LANGUAGE_STANDARD = gnu11;
				GCC_NO_COMMON_BLOCKS = YES;
				GCC_WARN_64_TO_32_BIT_CONVERSION = YES;
				GCC_WARN_ABOUT_RETURN_TYPE = YES_ERROR;
				GCC_WARN_UNDECLARED_SELECTOR = YES;
				GCC_WARN_UNINITIALIZED_AUTOS = YES_AGGRESSIVE;
				GCC_WARN_UNUSED_FUNCTION = YES;
				GCC_WARN_UNUSED_VARIABLE = YES;
				IPHONEOS_DEPLOYMENT_TARGET = 14.1;
				MTL_ENABLE_DEBUG_INFO = NO;
				MTL_FAST_MATH = YES;
				SDKROOT = iphoneos;
				SWIFT_COMPILATION_MODE = wholemodule;
				SWIFT_OPTIMIZATION_LEVEL = "-O";
				VALIDATE_PRODUCT = YES;
			};
			name = Release;
		};
		1D4AB8CC255DB7A80079F738 /* Debug */ = {
			isa = XCBuildConfiguration;
			buildSettings = {
				ASSETCATALOG_COMPILER_APPICON_NAME = AppIcon;
				ASSETCATALOG_COMPILER_GLOBAL_ACCENT_COLOR_NAME = AccentColor;
				CODE_SIGN_STYLE = Automatic;
				DEVELOPMENT_ASSET_PATHS = "\"YSMovieApp/Preview Content\"";
				DEVELOPMENT_TEAM = 2SBU87B28M;
				ENABLE_PREVIEWS = YES;
				INFOPLIST_FILE = YSMovieApp/Info.plist;
				LD_RUNPATH_SEARCH_PATHS = (
					"$(inherited)",
					"@executable_path/Frameworks",
				);
				PRODUCT_BUNDLE_IDENTIFIER = com.baganahuseyin.MovieApp;
				PRODUCT_NAME = "$(TARGET_NAME)";
				SWIFT_VERSION = 5.0;
				TARGETED_DEVICE_FAMILY = "1,2";
			};
			name = Debug;
		};
		1D4AB8CD255DB7A80079F738 /* Release */ = {
			isa = XCBuildConfiguration;
			buildSettings = {
				ASSETCATALOG_COMPILER_APPICON_NAME = AppIcon;
				ASSETCATALOG_COMPILER_GLOBAL_ACCENT_COLOR_NAME = AccentColor;
				CODE_SIGN_STYLE = Automatic;
				DEVELOPMENT_ASSET_PATHS = "\"YSMovieApp/Preview Content\"";
				DEVELOPMENT_TEAM = 2SBU87B28M;
				ENABLE_PREVIEWS = YES;
				INFOPLIST_FILE = YSMovieApp/Info.plist;
				LD_RUNPATH_SEARCH_PATHS = (
					"$(inherited)",
					"@executable_path/Frameworks",
				);
				PRODUCT_BUNDLE_IDENTIFIER = com.baganahuseyin.MovieApp;
				PRODUCT_NAME = "$(TARGET_NAME)";
				SWIFT_VERSION = 5.0;
				TARGETED_DEVICE_FAMILY = "1,2";
			};
			name = Release;
		};
		1D4AB8CF255DB7A80079F738 /* Debug */ = {
			isa = XCBuildConfiguration;
			buildSettings = {
				ALWAYS_EMBED_SWIFT_STANDARD_LIBRARIES = YES;
				BUNDLE_LOADER = "$(TEST_HOST)";
				CODE_SIGN_STYLE = Automatic;
				DEVELOPMENT_TEAM = JYBGM826DJ;
				INFOPLIST_FILE = YSMovieAppTests/Info.plist;
				IPHONEOS_DEPLOYMENT_TARGET = 14.1;
				LD_RUNPATH_SEARCH_PATHS = (
					"$(inherited)",
					"@executable_path/Frameworks",
					"@loader_path/Frameworks",
				);
				PRODUCT_BUNDLE_IDENTIFIER = com.bhuseyin.YSMovieAppTests;
				PRODUCT_NAME = "$(TARGET_NAME)";
				SWIFT_VERSION = 5.0;
				TARGETED_DEVICE_FAMILY = "1,2";
				TEST_HOST = "$(BUILT_PRODUCTS_DIR)/YSMovieApp.app/YSMovieApp";
			};
			name = Debug;
		};
		1D4AB8D0255DB7A80079F738 /* Release */ = {
			isa = XCBuildConfiguration;
			buildSettings = {
				ALWAYS_EMBED_SWIFT_STANDARD_LIBRARIES = YES;
				BUNDLE_LOADER = "$(TEST_HOST)";
				CODE_SIGN_STYLE = Automatic;
				DEVELOPMENT_TEAM = JYBGM826DJ;
				INFOPLIST_FILE = YSMovieAppTests/Info.plist;
				IPHONEOS_DEPLOYMENT_TARGET = 14.1;
				LD_RUNPATH_SEARCH_PATHS = (
					"$(inherited)",
					"@executable_path/Frameworks",
					"@loader_path/Frameworks",
				);
				PRODUCT_BUNDLE_IDENTIFIER = com.bhuseyin.YSMovieAppTests;
				PRODUCT_NAME = "$(TARGET_NAME)";
				SWIFT_VERSION = 5.0;
				TARGETED_DEVICE_FAMILY = "1,2";
				TEST_HOST = "$(BUILT_PRODUCTS_DIR)/YSMovieApp.app/YSMovieApp";
			};
			name = Release;
		};
		1D4AB8D2255DB7A80079F738 /* Debug */ = {
			isa = XCBuildConfiguration;
			buildSettings = {
				ALWAYS_EMBED_SWIFT_STANDARD_LIBRARIES = YES;
				CODE_SIGN_STYLE = Automatic;
				DEVELOPMENT_TEAM = JYBGM826DJ;
				INFOPLIST_FILE = YSMovieAppUITests/Info.plist;
				LD_RUNPATH_SEARCH_PATHS = (
					"$(inherited)",
					"@executable_path/Frameworks",
					"@loader_path/Frameworks",
				);
				PRODUCT_BUNDLE_IDENTIFIER = com.bhuseyin.YSMovieAppUITests;
				PRODUCT_NAME = "$(TARGET_NAME)";
				SWIFT_VERSION = 5.0;
				TARGETED_DEVICE_FAMILY = "1,2";
				TEST_TARGET_NAME = YSMovieApp;
			};
			name = Debug;
		};
		1D4AB8D3255DB7A80079F738 /* Release */ = {
			isa = XCBuildConfiguration;
			buildSettings = {
				ALWAYS_EMBED_SWIFT_STANDARD_LIBRARIES = YES;
				CODE_SIGN_STYLE = Automatic;
				DEVELOPMENT_TEAM = JYBGM826DJ;
				INFOPLIST_FILE = YSMovieAppUITests/Info.plist;
				LD_RUNPATH_SEARCH_PATHS = (
					"$(inherited)",
					"@executable_path/Frameworks",
					"@loader_path/Frameworks",
				);
				PRODUCT_BUNDLE_IDENTIFIER = com.bhuseyin.YSMovieAppUITests;
				PRODUCT_NAME = "$(TARGET_NAME)";
				SWIFT_VERSION = 5.0;
				TARGETED_DEVICE_FAMILY = "1,2";
				TEST_TARGET_NAME = YSMovieApp;
			};
			name = Release;
		};
/* End XCBuildConfiguration section */

/* Begin XCConfigurationList section */
		1D4AB89C255DB7A50079F738 /* Build configuration list for PBXProject "YSMovieApp" */ = {
			isa = XCConfigurationList;
			buildConfigurations = (
				1D4AB8C9255DB7A80079F738 /* Debug */,
				1D4AB8CA255DB7A80079F738 /* Release */,
			);
			defaultConfigurationIsVisible = 0;
			defaultConfigurationName = Release;
		};
		1D4AB8CB255DB7A80079F738 /* Build configuration list for PBXNativeTarget "YSMovieApp" */ = {
			isa = XCConfigurationList;
			buildConfigurations = (
				1D4AB8CC255DB7A80079F738 /* Debug */,
				1D4AB8CD255DB7A80079F738 /* Release */,
			);
			defaultConfigurationIsVisible = 0;
			defaultConfigurationName = Release;
		};
		1D4AB8CE255DB7A80079F738 /* Build configuration list for PBXNativeTarget "YSMovieAppTests" */ = {
			isa = XCConfigurationList;
			buildConfigurations = (
				1D4AB8CF255DB7A80079F738 /* Debug */,
				1D4AB8D0255DB7A80079F738 /* Release */,
			);
			defaultConfigurationIsVisible = 0;
			defaultConfigurationName = Release;
		};
		1D4AB8D1255DB7A80079F738 /* Build configuration list for PBXNativeTarget "YSMovieAppUITests" */ = {
			isa = XCConfigurationList;
			buildConfigurations = (
				1D4AB8D2255DB7A80079F738 /* Debug */,
				1D4AB8D3255DB7A80079F738 /* Release */,
			);
			defaultConfigurationIsVisible = 0;
			defaultConfigurationName = Release;
		};
/* End XCConfigurationList section */

/* Begin XCRemoteSwiftPackageReference section */
		1D4AB94C255DBA390079F738 /* XCRemoteSwiftPackageReference "SDWebImageSwiftUI" */ = {
			isa = XCRemoteSwiftPackageReference;
			repositoryURL = "https://github.com/SDWebImage/SDWebImageSwiftUI";
			requirement = {
				kind = upToNextMajorVersion;
				minimumVersion = 1.5.0;
			};
		};
/* End XCRemoteSwiftPackageReference section */

/* Begin XCSwiftPackageProductDependency section */
		1D4AB94D255DBA390079F738 /* SDWebImageSwiftUI */ = {
			isa = XCSwiftPackageProductDependency;
			package = 1D4AB94C255DBA390079F738 /* XCRemoteSwiftPackageReference "SDWebImageSwiftUI" */;
			productName = SDWebImageSwiftUI;
		};
/* End XCSwiftPackageProductDependency section */
	};
	rootObject = 1D4AB899255DB7A50079F738 /* Project object */;
}
